// !$*UTF8*$!
{
	archiveVersion = 1;
	classes = {
	};
	objectVersion = 77;
	objects = {

/* Begin PBXContainerItemProxy section */
		FD5EE0052D9221260070DCA6 /* PBXContainerItemProxy */ = {
			isa = PBXContainerItemProxy;
			containerPortal = FD5EDFE72D9221230070DCA6 /* Project object */;
			proxyType = 1;
			remoteGlobalIDString = FD5EDFEE2D9221230070DCA6;
			remoteInfo = "pleny task";
		};
		FD5EE00F2D9221260070DCA6 /* PBXContainerItemProxy */ = {
			isa = PBXContainerItemProxy;
			containerPortal = FD5EDFE72D9221230070DCA6 /* Project object */;
			proxyType = 1;
			remoteGlobalIDString = FD5EDFEE2D9221230070DCA6;
			remoteInfo = "pleny task";
		};
/* End PBXContainerItemProxy section */

/* Begin PBXFileReference section */
		FD5EDFEF2D9221230070DCA6 /* pleny task.app */ = {isa = PBXFileReference; explicitFileType = wrapper.application; includeInIndex = 0; path = "pleny task.app"; sourceTree = BUILT_PRODUCTS_DIR; };
		FD5EE0042D9221260070DCA6 /* pleny taskTests.xctest */ = {isa = PBXFileReference; explicitFileType = wrapper.cfbundle; includeInIndex = 0; path = "pleny taskTests.xctest"; sourceTree = BUILT_PRODUCTS_DIR; };
		FD5EE00E2D9221260070DCA6 /* pleny taskUITests.xctest */ = {isa = PBXFileReference; explicitFileType = wrapper.cfbundle; includeInIndex = 0; path = "pleny taskUITests.xctest"; sourceTree = BUILT_PRODUCTS_DIR; };
/* End PBXFileReference section */

/* Begin PBXFileSystemSynchronizedRootGroup section */
		FD5EDFF12D9221230070DCA6 /* pleny task */ = {
			isa = PBXFileSystemSynchronizedRootGroup;
			path = "pleny task";
			sourceTree = "<group>";
		};
		FD5EE0072D9221260070DCA6 /* pleny taskTests */ = {
			isa = PBXFileSystemSynchronizedRootGroup;
			path = "pleny taskTests";
			sourceTree = "<group>";
		};
		FD5EE0112D9221260070DCA6 /* pleny taskUITests */ = {
			isa = PBXFileSystemSynchronizedRootGroup;
			path = "pleny taskUITests";
			sourceTree = "<group>";
		};
/* End PBXFileSystemSynchronizedRootGroup section */

/* Begin PBXFrameworksBuildPhase section */
		FD5EDFEC2D9221230070DCA6 /* Frameworks */ = {
			isa = PBXFrameworksBuildPhase;
			buildActionMask = 2147483647;
			files = (
			);
			runOnlyForDeploymentPostprocessing = 0;
		};
		FD5EE0012D9221260070DCA6 /* Frameworks */ = {
			isa = PBXFrameworksBuildPhase;
			buildActionMask = 2147483647;
			files = (
			);
			runOnlyForDeploymentPostprocessing = 0;
		};
		FD5EE00B2D9221260070DCA6 /* Frameworks */ = {
			isa = PBXFrameworksBuildPhase;
			buildActionMask = 2147483647;
			files = (
			);
			runOnlyForDeploymentPostprocessing = 0;
		};
/* End PBXFrameworksBuildPhase section */

/* Begin PBXGroup section */
		FD5EDFE62D9221230070DCA6 = {
			isa = PBXGroup;
			children = (
				FD5EDFF12D9221230070DCA6 /* pleny task */,
				FD5EE0072D9221260070DCA6 /* pleny taskTests */,
				FD5EE0112D9221260070DCA6 /* pleny taskUITests */,
				FD5EDFF02D9221230070DCA6 /* Products */,
			);
			sourceTree = "<group>";
		};
		FD5EDFF02D9221230070DCA6 /* Products */ = {
			isa = PBXGroup;
			children = (
				FD5EDFEF2D9221230070DCA6 /* pleny task.app */,
				FD5EE0042D9221260070DCA6 /* pleny taskTests.xctest */,
				FD5EE00E2D9221260070DCA6 /* pleny taskUITests.xctest */,
			);
			name = Products;
			sourceTree = "<group>";
		};
/* End PBXGroup section */

/* Begin PBXNativeTarget section */
		FD5EDFEE2D9221230070DCA6 /* pleny task */ = {
			isa = PBXNativeTarget;
			buildConfigurationList = FD5EE0182D9221260070DCA6 /* Build configuration list for PBXNativeTarget "pleny task" */;
			buildPhases = (
				FD5EDFEB2D9221230070DCA6 /* Sources */,
				FD5EDFEC2D9221230070DCA6 /* Frameworks */,
				FD5EDFED2D9221230070DCA6 /* Resources */,
			);
			buildRules = (
			);
			dependencies = (
			);
			fileSystemSynchronizedGroups = (
				FD5EDFF12D9221230070DCA6 /* pleny task */,
			);
			name = "pleny task";
			packageProductDependencies = (
			);
			productName = "pleny task";
			productReference = FD5EDFEF2D9221230070DCA6 /* pleny task.app */;
			productType = "com.apple.product-type.application";
		};
		FD5EE0032D9221260070DCA6 /* pleny taskTests */ = {
			isa = PBXNativeTarget;
			buildConfigurationList = FD5EE01B2D9221260070DCA6 /* Build configuration list for PBXNativeTarget "pleny taskTests" */;
			buildPhases = (
				FD5EE0002D9221260070DCA6 /* Sources */,
				FD5EE0012D9221260070DCA6 /* Frameworks */,
				FD5EE0022D9221260070DCA6 /* Resources */,
			);
			buildRules = (
			);
			dependencies = (
				FD5EE0062D9221260070DCA6 /* PBXTargetDependency */,
			);
			fileSystemSynchronizedGroups = (
				FD5EE0072D9221260070DCA6 /* pleny taskTests */,
			);
			name = "pleny taskTests";
			packageProductDependencies = (
			);
			productName = "pleny taskTests";
			productReference = FD5EE0042D9221260070DCA6 /* pleny taskTests.xctest */;
			productType = "com.apple.product-type.bundle.unit-test";
		};
		FD5EE00D2D9221260070DCA6 /* pleny taskUITests */ = {
			isa = PBXNativeTarget;
			buildConfigurationList = FD5EE01E2D9221260070DCA6 /* Build configuration list for PBXNativeTarget "pleny taskUITests" */;
			buildPhases = (
				FD5EE00A2D9221260070DCA6 /* Sources */,
				FD5EE00B2D9221260070DCA6 /* Frameworks */,
				FD5EE00C2D9221260070DCA6 /* Resources */,
			);
			buildRules = (
			);
			dependencies = (
				FD5EE0102D9221260070DCA6 /* PBXTargetDependency */,
			);
			fileSystemSynchronizedGroups = (
				FD5EE0112D9221260070DCA6 /* pleny taskUITests */,
			);
			name = "pleny taskUITests";
			packageProductDependencies = (
			);
			productName = "pleny taskUITests";
			productReference = FD5EE00E2D9221260070DCA6 /* pleny taskUITests.xctest */;
			productType = "com.apple.product-type.bundle.ui-testing";
		};
/* End PBXNativeTarget section */

/* Begin PBXProject section */
		FD5EDFE72D9221230070DCA6 /* Project object */ = {
			isa = PBXProject;
			attributes = {
				BuildIndependentTargetsInParallel = 1;
				LastSwiftUpdateCheck = 1610;
				LastUpgradeCheck = 1610;
				TargetAttributes = {
					FD5EDFEE2D9221230070DCA6 = {
						CreatedOnToolsVersion = 16.1;
					};
					FD5EE0032D9221260070DCA6 = {
						CreatedOnToolsVersion = 16.1;
						TestTargetID = FD5EDFEE2D9221230070DCA6;
					};
					FD5EE00D2D9221260070DCA6 = {
						CreatedOnToolsVersion = 16.1;
						TestTargetID = FD5EDFEE2D9221230070DCA6;
					};
				};
			};
			buildConfigurationList = FD5EDFEA2D9221230070DCA6 /* Build configuration list for PBXProject "pleny task" */;
			developmentRegion = en;
			hasScannedForEncodings = 0;
			knownRegions = (
				en,
				Base,
			);
			mainGroup = FD5EDFE62D9221230070DCA6;
			minimizedProjectReferenceProxies = 1;
			preferredProjectObjectVersion = 77;
			productRefGroup = FD5EDFF02D9221230070DCA6 /* Products */;
			projectDirPath = "";
			projectRoot = "";
			targets = (
				FD5EDFEE2D9221230070DCA6 /* pleny task */,
				FD5EE0032D9221260070DCA6 /* pleny taskTests */,
				FD5EE00D2D9221260070DCA6 /* pleny taskUITests */,
			);
		};
/* End PBXProject section */

/* Begin PBXResourcesBuildPhase section */
		FD5EDFED2D9221230070DCA6 /* Resources */ = {
			isa = PBXResourcesBuildPhase;
			buildActionMask = 2147483647;
			files = (
			);
			runOnlyForDeploymentPostprocessing = 0;
		};
		FD5EE0022D9221260070DCA6 /* Resources */ = {
			isa = PBXResourcesBuildPhase;
			buildActionMask = 2147483647;
			files = (
			);
			runOnlyForDeploymentPostprocessing = 0;
		};
		FD5EE00C2D9221260070DCA6 /* Resources */ = {
			isa = PBXResourcesBuildPhase;
			buildActionMask = 2147483647;
			files = (
			);
			runOnlyForDeploymentPostprocessing = 0;
		};
/* End PBXResourcesBuildPhase section */

/* Begin PBXSourcesBuildPhase section */
		FD5EDFEB2D9221230070DCA6 /* Sources */ = {
			isa = PBXSourcesBuildPhase;
			buildActionMask = 2147483647;
			files = (
			);
			runOnlyForDeploymentPostprocessing = 0;
		};
		FD5EE0002D9221260070DCA6 /* Sources */ = {
			isa = PBXSourcesBuildPhase;
			buildActionMask = 2147483647;
			files = (
			);
			runOnlyForDeploymentPostprocessing = 0;
		};
		FD5EE00A2D9221260070DCA6 /* Sources */ = {
			isa = PBXSourcesBuildPhase;
			buildActionMask = 2147483647;
			files = (
			);
			runOnlyForDeploymentPostprocessing = 0;
		};
/* End PBXSourcesBuildPhase section */

/* Begin PBXTargetDependency section */
		FD5EE0062D9221260070DCA6 /* PBXTargetDependency */ = {
			isa = PBXTargetDependency;
			target = FD5EDFEE2D9221230070DCA6 /* pleny task */;
			targetProxy = FD5EE0052D9221260070DCA6 /* PBXContainerItemProxy */;
		};
		FD5EE0102D9221260070DCA6 /* PBXTargetDependency */ = {
			isa = PBXTargetDependency;
			target = FD5EDFEE2D9221230070DCA6 /* pleny task */;
			targetProxy = FD5EE00F2D9221260070DCA6 /* PBXContainerItemProxy */;
		};
/* End PBXTargetDependency section */

/* Begin XCBuildConfiguration section */
		FD5EE0162D9221260070DCA6 /* Debug */ = {
			isa = XCBuildConfiguration;
			buildSettings = {
				ALWAYS_SEARCH_USER_PATHS = NO;
				ASSETCATALOG_COMPILER_GENERATE_SWIFT_ASSET_SYMBOL_EXTENSIONS = YES;
				CLANG_ANALYZER_NONNULL = YES;
				CLANG_ANALYZER_NUMBER_OBJECT_CONVERSION = YES_AGGRESSIVE;
				CLANG_CXX_LANGUAGE_STANDARD = "gnu++20";
				CLANG_ENABLE_MODULES = YES;
				CLANG_ENABLE_OBJC_ARC = YES;
				CLANG_ENABLE_OBJC_WEAK = YES;
				CLANG_WARN_BLOCK_CAPTURE_AUTORELEASING = YES;
				CLANG_WARN_BOOL_CONVERSION = YES;
				CLANG_WARN_COMMA = YES;
				CLANG_WARN_CONSTANT_CONVERSION = YES;
				CLANG_WARN_DEPRECATED_OBJC_IMPLEMENTATIONS = YES;
				CLANG_WARN_DIRECT_OBJC_ISA_USAGE = YES_ERROR;
				CLANG_WARN_DOCUMENTATION_COMMENTS = YES;
				CLANG_WARN_EMPTY_BODY = YES;
				CLANG_WARN_ENUM_CONVERSION = YES;
				CLANG_WARN_INFINITE_RECURSION = YES;
				CLANG_WARN_INT_CONVERSION = YES;
				CLANG_WARN_NON_LITERAL_NULL_CONVERSION = YES;
				CLANG_WARN_OBJC_IMPLICIT_RETAIN_SELF = YES;
				CLANG_WARN_OBJC_LITERAL_CONVERSION = YES;
				CLANG_WARN_OBJC_ROOT_CLASS = YES_ERROR;
				CLANG_WARN_QUOTED_INCLUDE_IN_FRAMEWORK_HEADER = YES;
				CLANG_WARN_RANGE_LOOP_ANALYSIS = YES;
				CLANG_WARN_STRICT_PROTOTYPES = YES;
				CLANG_WARN_SUSPICIOUS_MOVE = YES;
				CLANG_WARN_UNGUARDED_AVAILABILITY = YES_AGGRESSIVE;
				CLANG_WARN_UNREACHABLE_CODE = YES;
				CLANG_WARN__DUPLICATE_METHOD_MATCH = YES;
				COPY_PHASE_STRIP = NO;
				DEBUG_INFORMATION_FORMAT = dwarf;
				ENABLE_STRICT_OBJC_MSGSEND = YES;
				ENABLE_TESTABILITY = YES;
				ENABLE_USER_SCRIPT_SANDBOXING = YES;
				GCC_C_LANGUAGE_STANDARD = gnu17;
				GCC_DYNAMIC_NO_PIC = NO;
				GCC_NO_COMMON_BLOCKS = YES;
				GCC_OPTIMIZATION_LEVEL = 0;
				GCC_PREPROCESSOR_DEFINITIONS = (
					"DEBUG=1",
					"$(inherited)",
				);
				GCC_WARN_64_TO_32_BIT_CONVERSION = YES;
				GCC_WARN_ABOUT_RETURN_TYPE = YES_ERROR;
				GCC_WARN_UNDECLARED_SELECTOR = YES;
				GCC_WARN_UNINITIALIZED_AUTOS = YES_AGGRESSIVE;
				GCC_WARN_UNUSED_FUNCTION = YES;
				GCC_WARN_UNUSED_VARIABLE = YES;
				IPHONEOS_DEPLOYMENT_TARGET = 18.1;
				LOCALIZATION_PREFERS_STRING_CATALOGS = YES;
				MTL_ENABLE_DEBUG_INFO = INCLUDE_SOURCE;
				MTL_FAST_MATH = YES;
				ONLY_ACTIVE_ARCH = YES;
				SDKROOT = iphoneos;
				SWIFT_ACTIVE_COMPILATION_CONDITIONS = "DEBUG $(inherited)";
				SWIFT_OPTIMIZATION_LEVEL = "-Onone";
			};
			name = Debug;
		};
		FD5EE0172D9221260070DCA6 /* Release */ = {
			isa = XCBuildConfiguration;
			buildSettings = {
				ALWAYS_SEARCH_USER_PATHS = NO;
				ASSETCATALOG_COMPILER_GENERATE_SWIFT_ASSET_SYMBOL_EXTENSIONS = YES;
				CLANG_ANALYZER_NONNULL = YES;
				CLANG_ANALYZER_NUMBER_OBJECT_CONVERSION = YES_AGGRESSIVE;
				CLANG_CXX_LANGUAGE_STANDARD = "gnu++20";
				CLANG_ENABLE_MODULES = YES;
				CLANG_ENABLE_OBJC_ARC = YES;
				CLANG_ENABLE_OBJC_WEAK = YES;
				CLANG_WARN_BLOCK_CAPTURE_AUTORELEASING = YES;
				CLANG_WARN_BOOL_CONVERSION = YES;
				CLANG_WARN_COMMA = YES;
				CLANG_WARN_CONSTANT_CONVERSION = YES;
				CLANG_WARN_DEPRECATED_OBJC_IMPLEMENTATIONS = YES;
				CLANG_WARN_DIRECT_OBJC_ISA_USAGE = YES_ERROR;
				CLANG_WARN_DOCUMENTATION_COMMENTS = YES;
				CLANG_WARN_EMPTY_BODY = YES;
				CLANG_WARN_ENUM_CONVERSION = YES;
				CLANG_WARN_INFINITE_RECURSION = YES;
				CLANG_WARN_INT_CONVERSION = YES;
				CLANG_WARN_NON_LITERAL_NULL_CONVERSION = YES;
				CLANG_WARN_OBJC_IMPLICIT_RETAIN_SELF = YES;
				CLANG_WARN_OBJC_LITERAL_CONVERSION = YES;
				CLANG_WARN_OBJC_ROOT_CLASS = YES_ERROR;
				CLANG_WARN_QUOTED_INCLUDE_IN_FRAMEWORK_HEADER = YES;
				CLANG_WARN_RANGE_LOOP_ANALYSIS = YES;
				CLANG_WARN_STRICT_PROTOTYPES = YES;
				CLANG_WARN_SUSPICIOUS_MOVE = YES;
				CLANG_WARN_UNGUARDED_AVAILABILITY = YES_AGGRESSIVE;
				CLANG_WARN_UNREACHABLE_CODE = YES;
				CLANG_WARN__DUPLICATE_METHOD_MATCH = YES;
				COPY_PHASE_STRIP = NO;
				DEBUG_INFORMATION_FORMAT = "dwarf-with-dsym";
				ENABLE_NS_ASSERTIONS = NO;
				ENABLE_STRICT_OBJC_MSGSEND = YES;
				ENABLE_USER_SCRIPT_SANDBOXING = YES;
				GCC_C_LANGUAGE_STANDARD = gnu17;
				GCC_NO_COMMON_BLOCKS = YES;
				GCC_WARN_64_TO_32_BIT_CONVERSION = YES;
				GCC_WARN_ABOUT_RETURN_TYPE = YES_ERROR;
				GCC_WARN_UNDECLARED_SELECTOR = YES;
				GCC_WARN_UNINITIALIZED_AUTOS = YES_AGGRESSIVE;
				GCC_WARN_UNUSED_FUNCTION = YES;
				GCC_WARN_UNUSED_VARIABLE = YES;
				IPHONEOS_DEPLOYMENT_TARGET = 18.1;
				LOCALIZATION_PREFERS_STRING_CATALOGS = YES;
				MTL_ENABLE_DEBUG_INFO = NO;
				MTL_FAST_MATH = YES;
				SDKROOT = iphoneos;
				SWIFT_COMPILATION_MODE = wholemodule;
				VALIDATE_PRODUCT = YES;
			};
			name = Release;
		};
		FD5EE0192D9221260070DCA6 /* Debug */ = {
			isa = XCBuildConfiguration;
			buildSettings = {
				ASSETCATALOG_COMPILER_APPICON_NAME = AppIcon;
				ASSETCATALOG_COMPILER_GLOBAL_ACCENT_COLOR_NAME = AccentColor;
				CODE_SIGN_STYLE = Automatic;
				CURRENT_PROJECT_VERSION = 1;
				DEVELOPMENT_ASSET_PATHS = "\"pleny task/Preview Content\"";
				DEVELOPMENT_TEAM = NG89QN2J82;
				ENABLE_PREVIEWS = YES;
				GENERATE_INFOPLIST_FILE = YES;
				INFOPLIST_KEY_UIApplicationSceneManifest_Generation = YES;
				INFOPLIST_KEY_UIApplicationSupportsIndirectInputEvents = YES;
				INFOPLIST_KEY_UILaunchScreen_Generation = YES;
				INFOPLIST_KEY_UISupportedInterfaceOrientations_iPad = "UIInterfaceOrientationPortrait UIInterfaceOrientationPortraitUpsideDown UIInterfaceOrientationLandscapeLeft UIInterfaceOrientationLandscapeRight";
				INFOPLIST_KEY_UISupportedInterfaceOrientations_iPhone = "UIInterfaceOrientationPortrait UIInterfaceOrientationLandscapeLeft UIInterfaceOrientationLandscapeRight";
				LD_RUNPATH_SEARCH_PATHS = (
					"$(inherited)",
					"@executable_path/Frameworks",
				);
				MARKETING_VERSION = 1.0;
				PRODUCT_BUNDLE_IDENTIFIER = "com.micheal.pleny-task";
				PRODUCT_NAME = "$(TARGET_NAME)";
				SWIFT_EMIT_LOC_STRINGS = YES;
				SWIFT_VERSION = 5.0;
				TARGETED_DEVICE_FAMILY = "1,2";
			};
			name = Debug;
		};
		FD5EE01A2D9221260070DCA6 /* Release */ = {
			isa = XCBuildConfiguration;
			buildSettings = {
				ASSETCATALOG_COMPILER_APPICON_NAME = AppIcon;
				ASSETCATALOG_COMPILER_GLOBAL_ACCENT_COLOR_NAME = AccentColor;
				CODE_SIGN_STYLE = Automatic;
				CURRENT_PROJECT_VERSION = 1;
				DEVELOPMENT_ASSET_PATHS = "\"pleny task/Preview Content\"";
				DEVELOPMENT_TEAM = NG89QN2J82;
				ENABLE_PREVIEWS = YES;
				GENERATE_INFOPLIST_FILE = YES;
				INFOPLIST_KEY_UIApplicationSceneManifest_Generation = YES;
				INFOPLIST_KEY_UIApplicationSupportsIndirectInputEvents = YES;
				INFOPLIST_KEY_UILaunchScreen_Generation = YES;
				INFOPLIST_KEY_UISupportedInterfaceOrientations_iPad = "UIInterfaceOrientationPortrait UIInterfaceOrientationPortraitUpsideDown UIInterfaceOrientationLandscapeLeft UIInterfaceOrientationLandscapeRight";
				INFOPLIST_KEY_UISupportedInterfaceOrientations_iPhone = "UIInterfaceOrientationPortrait UIInterfaceOrientationLandscapeLeft UIInterfaceOrientationLandscapeRight";
				LD_RUNPATH_SEARCH_PATHS = (
					"$(inherited)",
					"@executable_path/Frameworks",
				);
				MARKETING_VERSION = 1.0;
				PRODUCT_BUNDLE_IDENTIFIER = "com.micheal.pleny-task";
				PRODUCT_NAME = "$(TARGET_NAME)";
				SWIFT_EMIT_LOC_STRINGS = YES;
				SWIFT_VERSION = 5.0;
				TARGETED_DEVICE_FAMILY = "1,2";
			};
			name = Release;
		};
		FD5EE01C2D9221260070DCA6 /* Debug */ = {
			isa = XCBuildConfiguration;
			buildSettings = {
				BUNDLE_LOADER = "$(TEST_HOST)";
				CODE_SIGN_STYLE = Automatic;
				CURRENT_PROJECT_VERSION = 1;
				DEVELOPMENT_TEAM = NG89QN2J82;
				GENERATE_INFOPLIST_FILE = YES;
				IPHONEOS_DEPLOYMENT_TARGET = 18.1;
				MARKETING_VERSION = 1.0;
				PRODUCT_BUNDLE_IDENTIFIER = "com.micheal.pleny-taskTests";
				PRODUCT_NAME = "$(TARGET_NAME)";
				SWIFT_EMIT_LOC_STRINGS = NO;
				SWIFT_VERSION = 5.0;
				TARGETED_DEVICE_FAMILY = "1,2";
				TEST_HOST = "$(BUILT_PRODUCTS_DIR)/pleny task.app/$(BUNDLE_EXECUTABLE_FOLDER_PATH)/pleny task";
			};
			name = Debug;
		};
		FD5EE01D2D9221260070DCA6 /* Release */ = {
			isa = XCBuildConfiguration;
			buildSettings = {
				BUNDLE_LOADER = "$(TEST_HOST)";
				CODE_SIGN_STYLE = Automatic;
				CURRENT_PROJECT_VERSION = 1;
				DEVELOPMENT_TEAM = NG89QN2J82;
				GENERATE_INFOPLIST_FILE = YES;
				IPHONEOS_DEPLOYMENT_TARGET = 18.1;
				MARKETING_VERSION = 1.0;
				PRODUCT_BUNDLE_IDENTIFIER = "com.micheal.pleny-taskTests";
				PRODUCT_NAME = "$(TARGET_NAME)";
				SWIFT_EMIT_LOC_STRINGS = NO;
				SWIFT_VERSION = 5.0;
				TARGETED_DEVICE_FAMILY = "1,2";
				TEST_HOST = "$(BUILT_PRODUCTS_DIR)/pleny task.app/$(BUNDLE_EXECUTABLE_FOLDER_PATH)/pleny task";
			};
			name = Release;
		};
		FD5EE01F2D9221260070DCA6 /* Debug */ = {
			isa = XCBuildConfiguration;
			buildSettings = {
				CODE_SIGN_STYLE = Automatic;
				CURRENT_PROJECT_VERSION = 1;
				DEVELOPMENT_TEAM = NG89QN2J82;
				GENERATE_INFOPLIST_FILE = YES;
				MARKETING_VERSION = 1.0;
				PRODUCT_BUNDLE_IDENTIFIER = "com.micheal.pleny-taskUITests";
				PRODUCT_NAME = "$(TARGET_NAME)";
				SWIFT_EMIT_LOC_STRINGS = NO;
				SWIFT_VERSION = 5.0;
				TARGETED_DEVICE_FAMILY = "1,2";
				TEST_TARGET_NAME = "pleny task";
			};
			name = Debug;
		};
		FD5EE0202D9221260070DCA6 /* Release */ = {
			isa = XCBuildConfiguration;
			buildSettings = {
				CODE_SIGN_STYLE = Automatic;
				CURRENT_PROJECT_VERSION = 1;
				DEVELOPMENT_TEAM = NG89QN2J82;
				GENERATE_INFOPLIST_FILE = YES;
				MARKETING_VERSION = 1.0;
				PRODUCT_BUNDLE_IDENTIFIER = "com.micheal.pleny-taskUITests";
				PRODUCT_NAME = "$(TARGET_NAME)";
				SWIFT_EMIT_LOC_STRINGS = NO;
				SWIFT_VERSION = 5.0;
				TARGETED_DEVICE_FAMILY = "1,2";
				TEST_TARGET_NAME = "pleny task";
			};
			name = Release;
		};
/* End XCBuildConfiguration section */

/* Begin XCConfigurationList section */
		FD5EDFEA2D9221230070DCA6 /* Build configuration list for PBXProject "pleny task" */ = {
			isa = XCConfigurationList;
			buildConfigurations = (
				FD5EE0162D9221260070DCA6 /* Debug */,
				FD5EE0172D9221260070DCA6 /* Release */,
			);
			defaultConfigurationIsVisible = 0;
			defaultConfigurationName = Release;
		};
		FD5EE0182D9221260070DCA6 /* Build configuration list for PBXNativeTarget "pleny task" */ = {
			isa = XCConfigurationList;
			buildConfigurations = (
				FD5EE0192D9221260070DCA6 /* Debug */,
				FD5EE01A2D9221260070DCA6 /* Release */,
			);
			defaultConfigurationIsVisible = 0;
			defaultConfigurationName = Release;
		};
		FD5EE01B2D9221260070DCA6 /* Build configuration list for PBXNativeTarget "pleny taskTests" */ = {
			isa = XCConfigurationList;
			buildConfigurations = (
				FD5EE01C2D9221260070DCA6 /* Debug */,
				FD5EE01D2D9221260070DCA6 /* Release */,
			);
			defaultConfigurationIsVisible = 0;
			defaultConfigurationName = Release;
		};
		FD5EE01E2D9221260070DCA6 /* Build configuration list for PBXNativeTarget "pleny taskUITests" */ = {
			isa = XCConfigurationList;
			buildConfigurations = (
				FD5EE01F2D9221260070DCA6 /* Debug */,
				FD5EE0202D9221260070DCA6 /* Release */,
			);
			defaultConfigurationIsVisible = 0;
			defaultConfigurationName = Release;
		};
/* End XCConfigurationList section */
	};
	rootObject = FD5EDFE72D9221230070DCA6 /* Project object */;
}
